// !$*UTF8*$!
{
	archiveVersion = 1;
	classes = {
	};
	objectVersion = 77;
	objects = {

/* Begin PBXContainerItemProxy section */
		1B105FE82CB1C3DD00CC06A0 /* PBXContainerItemProxy */ = {
			isa = PBXContainerItemProxy;
			containerPortal = 1B105FCF2CB1C3DB00CC06A0 /* Project object */;
			proxyType = 1;
			remoteGlobalIDString = 1B105FD62CB1C3DB00CC06A0;
			remoteInfo = "Memory games";
		};
		1B105FF22CB1C3DD00CC06A0 /* PBXContainerItemProxy */ = {
			isa = PBXContainerItemProxy;
			containerPortal = 1B105FCF2CB1C3DB00CC06A0 /* Project object */;
			proxyType = 1;
			remoteGlobalIDString = 1B105FD62CB1C3DB00CC06A0;
			remoteInfo = "Memory games";
		};
/* End PBXContainerItemProxy section */

/* Begin PBXFileReference section */
		1B105FD72CB1C3DB00CC06A0 /* Memory games.app */ = {isa = PBXFileReference; explicitFileType = wrapper.application; includeInIndex = 0; path = "Memory games.app"; sourceTree = BUILT_PRODUCTS_DIR; };
		1B105FE72CB1C3DD00CC06A0 /* Memory gamesTests.xctest */ = {isa = PBXFileReference; explicitFileType = wrapper.cfbundle; includeInIndex = 0; path = "Memory gamesTests.xctest"; sourceTree = BUILT_PRODUCTS_DIR; };
		1B105FF12CB1C3DD00CC06A0 /* Memory gamesUITests.xctest */ = {isa = PBXFileReference; explicitFileType = wrapper.cfbundle; includeInIndex = 0; path = "Memory gamesUITests.xctest"; sourceTree = BUILT_PRODUCTS_DIR; };
/* End PBXFileReference section */

/* Begin PBXFileSystemSynchronizedRootGroup section */
		1B105FD92CB1C3DB00CC06A0 /* Memory games */ = {
			isa = PBXFileSystemSynchronizedRootGroup;
			path = "Memory games";
			sourceTree = "<group>";
		};
		1B105FEA2CB1C3DD00CC06A0 /* Memory gamesTests */ = {
			isa = PBXFileSystemSynchronizedRootGroup;
			path = "Memory gamesTests";
			sourceTree = "<group>";
		};
		1B105FF42CB1C3DD00CC06A0 /* Memory gamesUITests */ = {
			isa = PBXFileSystemSynchronizedRootGroup;
			path = "Memory gamesUITests";
			sourceTree = "<group>";
		};
/* End PBXFileSystemSynchronizedRootGroup section */

/* Begin PBXFrameworksBuildPhase section */
		1B105FD42CB1C3DB00CC06A0 /* Frameworks */ = {
			isa = PBXFrameworksBuildPhase;
			buildActionMask = 2147483647;
			files = (
			);
			runOnlyForDeploymentPostprocessing = 0;
		};
		1B105FE42CB1C3DD00CC06A0 /* Frameworks */ = {
			isa = PBXFrameworksBuildPhase;
			buildActionMask = 2147483647;
			files = (
			);
			runOnlyForDeploymentPostprocessing = 0;
		};
		1B105FEE2CB1C3DD00CC06A0 /* Frameworks */ = {
			isa = PBXFrameworksBuildPhase;
			buildActionMask = 2147483647;
			files = (
			);
			runOnlyForDeploymentPostprocessing = 0;
		};
/* End PBXFrameworksBuildPhase section */

/* Begin PBXGroup section */
		1B105FCE2CB1C3DB00CC06A0 = {
			isa = PBXGroup;
			children = (
				1B105FD92CB1C3DB00CC06A0 /* Memory games */,
				1B105FEA2CB1C3DD00CC06A0 /* Memory gamesTests */,
				1B105FF42CB1C3DD00CC06A0 /* Memory gamesUITests */,
				1B105FD82CB1C3DB00CC06A0 /* Products */,
			);
			sourceTree = "<group>";
		};
		1B105FD82CB1C3DB00CC06A0 /* Products */ = {
			isa = PBXGroup;
			children = (
				1B105FD72CB1C3DB00CC06A0 /* Memory games.app */,
				1B105FE72CB1C3DD00CC06A0 /* Memory gamesTests.xctest */,
				1B105FF12CB1C3DD00CC06A0 /* Memory gamesUITests.xctest */,
			);
			name = Products;
			sourceTree = "<group>";
		};
/* End PBXGroup section */

/* Begin PBXNativeTarget section */
		1B105FD62CB1C3DB00CC06A0 /* Memory games */ = {
			isa = PBXNativeTarget;
			buildConfigurationList = 1B105FFB2CB1C3DD00CC06A0 /* Build configuration list for PBXNativeTarget "Memory games" */;
			buildPhases = (
				1B105FD32CB1C3DB00CC06A0 /* Sources */,
				1B105FD42CB1C3DB00CC06A0 /* Frameworks */,
				1B105FD52CB1C3DB00CC06A0 /* Resources */,
			);
			buildRules = (
			);
			dependencies = (
			);
			fileSystemSynchronizedGroups = (
				1B105FD92CB1C3DB00CC06A0 /* Memory games */,
			);
			name = "Memory games";
			packageProductDependencies = (
			);
			productName = "Memory games";
			productReference = 1B105FD72CB1C3DB00CC06A0 /* Memory games.app */;
			productType = "com.apple.product-type.application";
		};
		1B105FE62CB1C3DD00CC06A0 /* Memory gamesTests */ = {
			isa = PBXNativeTarget;
			buildConfigurationList = 1B105FFE2CB1C3DD00CC06A0 /* Build configuration list for PBXNativeTarget "Memory gamesTests" */;
			buildPhases = (
				1B105FE32CB1C3DD00CC06A0 /* Sources */,
				1B105FE42CB1C3DD00CC06A0 /* Frameworks */,
				1B105FE52CB1C3DD00CC06A0 /* Resources */,
			);
			buildRules = (
			);
			dependencies = (
				1B105FE92CB1C3DD00CC06A0 /* PBXTargetDependency */,
			);
			fileSystemSynchronizedGroups = (
				1B105FEA2CB1C3DD00CC06A0 /* Memory gamesTests */,
			);
			name = "Memory gamesTests";
			packageProductDependencies = (
			);
			productName = "Memory gamesTests";
			productReference = 1B105FE72CB1C3DD00CC06A0 /* Memory gamesTests.xctest */;
			productType = "com.apple.product-type.bundle.unit-test";
		};
		1B105FF02CB1C3DD00CC06A0 /* Memory gamesUITests */ = {
			isa = PBXNativeTarget;
			buildConfigurationList = 1B1060012CB1C3DD00CC06A0 /* Build configuration list for PBXNativeTarget "Memory gamesUITests" */;
			buildPhases = (
				1B105FED2CB1C3DD00CC06A0 /* Sources */,
				1B105FEE2CB1C3DD00CC06A0 /* Frameworks */,
				1B105FEF2CB1C3DD00CC06A0 /* Resources */,
			);
			buildRules = (
			);
			dependencies = (
				1B105FF32CB1C3DD00CC06A0 /* PBXTargetDependency */,
			);
			fileSystemSynchronizedGroups = (
				1B105FF42CB1C3DD00CC06A0 /* Memory gamesUITests */,
			);
			name = "Memory gamesUITests";
			packageProductDependencies = (
			);
			productName = "Memory gamesUITests";
			productReference = 1B105FF12CB1C3DD00CC06A0 /* Memory gamesUITests.xctest */;
			productType = "com.apple.product-type.bundle.ui-testing";
		};
/* End PBXNativeTarget section */

/* Begin PBXProject section */
		1B105FCF2CB1C3DB00CC06A0 /* Project object */ = {
			isa = PBXProject;
			attributes = {
				BuildIndependentTargetsInParallel = 1;
				LastSwiftUpdateCheck = 1600;
				LastUpgradeCheck = 1600;
				TargetAttributes = {
					1B105FD62CB1C3DB00CC06A0 = {
						CreatedOnToolsVersion = 16.0;
					};
					1B105FE62CB1C3DD00CC06A0 = {
						CreatedOnToolsVersion = 16.0;
						TestTargetID = 1B105FD62CB1C3DB00CC06A0;
					};
					1B105FF02CB1C3DD00CC06A0 = {
						CreatedOnToolsVersion = 16.0;
						TestTargetID = 1B105FD62CB1C3DB00CC06A0;
					};
				};
			};
			buildConfigurationList = 1B105FD22CB1C3DB00CC06A0 /* Build configuration list for PBXProject "Memory games" */;
			developmentRegion = en;
			hasScannedForEncodings = 0;
			knownRegions = (
				en,
				Base,
			);
			mainGroup = 1B105FCE2CB1C3DB00CC06A0;
			minimizedProjectReferenceProxies = 1;
			preferredProjectObjectVersion = 77;
			productRefGroup = 1B105FD82CB1C3DB00CC06A0 /* Products */;
			projectDirPath = "";
			projectRoot = "";
			targets = (
				1B105FD62CB1C3DB00CC06A0 /* Memory games */,
				1B105FE62CB1C3DD00CC06A0 /* Memory gamesTests */,
				1B105FF02CB1C3DD00CC06A0 /* Memory gamesUITests */,
			);
		};
/* End PBXProject section */

/* Begin PBXResourcesBuildPhase section */
		1B105FD52CB1C3DB00CC06A0 /* Resources */ = {
			isa = PBXResourcesBuildPhase;
			buildActionMask = 2147483647;
			files = (
			);
			runOnlyForDeploymentPostprocessing = 0;
		};
		1B105FE52CB1C3DD00CC06A0 /* Resources */ = {
			isa = PBXResourcesBuildPhase;
			buildActionMask = 2147483647;
			files = (
			);
			runOnlyForDeploymentPostprocessing = 0;
		};
		1B105FEF2CB1C3DD00CC06A0 /* Resources */ = {
			isa = PBXResourcesBuildPhase;
			buildActionMask = 2147483647;
			files = (
			);
			runOnlyForDeploymentPostprocessing = 0;
		};
/* End PBXResourcesBuildPhase section */

/* Begin PBXSourcesBuildPhase section */
		1B105FD32CB1C3DB00CC06A0 /* Sources */ = {
			isa = PBXSourcesBuildPhase;
			buildActionMask = 2147483647;
			files = (
			);
			runOnlyForDeploymentPostprocessing = 0;
		};
		1B105FE32CB1C3DD00CC06A0 /* Sources */ = {
			isa = PBXSourcesBuildPhase;
			buildActionMask = 2147483647;
			files = (
			);
			runOnlyForDeploymentPostprocessing = 0;
		};
		1B105FED2CB1C3DD00CC06A0 /* Sources */ = {
			isa = PBXSourcesBuildPhase;
			buildActionMask = 2147483647;
			files = (
			);
			runOnlyForDeploymentPostprocessing = 0;
		};
/* End PBXSourcesBuildPhase section */

/* Begin PBXTargetDependency section */
		1B105FE92CB1C3DD00CC06A0 /* PBXTargetDependency */ = {
			isa = PBXTargetDependency;
			target = 1B105FD62CB1C3DB00CC06A0 /* Memory games */;
			targetProxy = 1B105FE82CB1C3DD00CC06A0 /* PBXContainerItemProxy */;
		};
		1B105FF32CB1C3DD00CC06A0 /* PBXTargetDependency */ = {
			isa = PBXTargetDependency;
			target = 1B105FD62CB1C3DB00CC06A0 /* Memory games */;
			targetProxy = 1B105FF22CB1C3DD00CC06A0 /* PBXContainerItemProxy */;
		};
/* End PBXTargetDependency section */

/* Begin XCBuildConfiguration section */
		1B105FF92CB1C3DD00CC06A0 /* Debug */ = {
			isa = XCBuildConfiguration;
			buildSettings = {
				ALWAYS_SEARCH_USER_PATHS = NO;
				ASSETCATALOG_COMPILER_GENERATE_SWIFT_ASSET_SYMBOL_EXTENSIONS = YES;
				CLANG_ANALYZER_NONNULL = YES;
				CLANG_ANALYZER_NUMBER_OBJECT_CONVERSION = YES_AGGRESSIVE;
				CLANG_CXX_LANGUAGE_STANDARD = "gnu++20";
				CLANG_ENABLE_MODULES = YES;
				CLANG_ENABLE_OBJC_ARC = YES;
				CLANG_ENABLE_OBJC_WEAK = YES;
				CLANG_WARN_BLOCK_CAPTURE_AUTORELEASING = YES;
				CLANG_WARN_BOOL_CONVERSION = YES;
				CLANG_WARN_COMMA = YES;
				CLANG_WARN_CONSTANT_CONVERSION = YES;
				CLANG_WARN_DEPRECATED_OBJC_IMPLEMENTATIONS = YES;
				CLANG_WARN_DIRECT_OBJC_ISA_USAGE = YES_ERROR;
				CLANG_WARN_DOCUMENTATION_COMMENTS = YES;
				CLANG_WARN_EMPTY_BODY = YES;
				CLANG_WARN_ENUM_CONVERSION = YES;
				CLANG_WARN_INFINITE_RECURSION = YES;
				CLANG_WARN_INT_CONVERSION = YES;
				CLANG_WARN_NON_LITERAL_NULL_CONVERSION = YES;
				CLANG_WARN_OBJC_IMPLICIT_RETAIN_SELF = YES;
				CLANG_WARN_OBJC_LITERAL_CONVERSION = YES;
				CLANG_WARN_OBJC_ROOT_CLASS = YES_ERROR;
				CLANG_WARN_QUOTED_INCLUDE_IN_FRAMEWORK_HEADER = YES;
				CLANG_WARN_RANGE_LOOP_ANALYSIS = YES;
				CLANG_WARN_STRICT_PROTOTYPES = YES;
				CLANG_WARN_SUSPICIOUS_MOVE = YES;
				CLANG_WARN_UNGUARDED_AVAILABILITY = YES_AGGRESSIVE;
				CLANG_WARN_UNREACHABLE_CODE = YES;
				CLANG_WARN__DUPLICATE_METHOD_MATCH = YES;
				COPY_PHASE_STRIP = NO;
				DEBUG_INFORMATION_FORMAT = dwarf;
				ENABLE_STRICT_OBJC_MSGSEND = YES;
				ENABLE_TESTABILITY = YES;
				ENABLE_USER_SCRIPT_SANDBOXING = YES;
				GCC_C_LANGUAGE_STANDARD = gnu17;
				GCC_DYNAMIC_NO_PIC = NO;
				GCC_NO_COMMON_BLOCKS = YES;
				GCC_OPTIMIZATION_LEVEL = 0;
				GCC_PREPROCESSOR_DEFINITIONS = (
					"DEBUG=1",
					"$(inherited)",
				);
				GCC_WARN_64_TO_32_BIT_CONVERSION = YES;
				GCC_WARN_ABOUT_RETURN_TYPE = YES_ERROR;
				GCC_WARN_UNDECLARED_SELECTOR = YES;
				GCC_WARN_UNINITIALIZED_AUTOS = YES_AGGRESSIVE;
				GCC_WARN_UNUSED_FUNCTION = YES;
				GCC_WARN_UNUSED_VARIABLE = YES;
				IPHONEOS_DEPLOYMENT_TARGET = 18.0;
				LOCALIZATION_PREFERS_STRING_CATALOGS = YES;
				MTL_ENABLE_DEBUG_INFO = INCLUDE_SOURCE;
				MTL_FAST_MATH = YES;
				ONLY_ACTIVE_ARCH = YES;
				SDKROOT = iphoneos;
				SWIFT_ACTIVE_COMPILATION_CONDITIONS = "DEBUG $(inherited)";
				SWIFT_OPTIMIZATION_LEVEL = "-Onone";
			};
			name = Debug;
		};
		1B105FFA2CB1C3DD00CC06A0 /* Release */ = {
			isa = XCBuildConfiguration;
			buildSettings = {
				ALWAYS_SEARCH_USER_PATHS = NO;
				ASSETCATALOG_COMPILER_GENERATE_SWIFT_ASSET_SYMBOL_EXTENSIONS = YES;
				CLANG_ANALYZER_NONNULL = YES;
				CLANG_ANALYZER_NUMBER_OBJECT_CONVERSION = YES_AGGRESSIVE;
				CLANG_CXX_LANGUAGE_STANDARD = "gnu++20";
				CLANG_ENABLE_MODULES = YES;
				CLANG_ENABLE_OBJC_ARC = YES;
				CLANG_ENABLE_OBJC_WEAK = YES;
				CLANG_WARN_BLOCK_CAPTURE_AUTORELEASING = YES;
				CLANG_WARN_BOOL_CONVERSION = YES;
				CLANG_WARN_COMMA = YES;
				CLANG_WARN_CONSTANT_CONVERSION = YES;
				CLANG_WARN_DEPRECATED_OBJC_IMPLEMENTATIONS = YES;
				CLANG_WARN_DIRECT_OBJC_ISA_USAGE = YES_ERROR;
				CLANG_WARN_DOCUMENTATION_COMMENTS = YES;
				CLANG_WARN_EMPTY_BODY = YES;
				CLANG_WARN_ENUM_CONVERSION = YES;
				CLANG_WARN_INFINITE_RECURSION = YES;
				CLANG_WARN_INT_CONVERSION = YES;
				CLANG_WARN_NON_LITERAL_NULL_CONVERSION = YES;
				CLANG_WARN_OBJC_IMPLICIT_RETAIN_SELF = YES;
				CLANG_WARN_OBJC_LITERAL_CONVERSION = YES;
				CLANG_WARN_OBJC_ROOT_CLASS = YES_ERROR;
				CLANG_WARN_QUOTED_INCLUDE_IN_FRAMEWORK_HEADER = YES;
				CLANG_WARN_RANGE_LOOP_ANALYSIS = YES;
				CLANG_WARN_STRICT_PROTOTYPES = YES;
				CLANG_WARN_SUSPICIOUS_MOVE = YES;
				CLANG_WARN_UNGUARDED_AVAILABILITY = YES_AGGRESSIVE;
				CLANG_WARN_UNREACHABLE_CODE = YES;
				CLANG_WARN__DUPLICATE_METHOD_MATCH = YES;
				COPY_PHASE_STRIP = NO;
				DEBUG_INFORMATION_FORMAT = "dwarf-with-dsym";
				ENABLE_NS_ASSERTIONS = NO;
				ENABLE_STRICT_OBJC_MSGSEND = YES;
				ENABLE_USER_SCRIPT_SANDBOXING = YES;
				GCC_C_LANGUAGE_STANDARD = gnu17;
				GCC_NO_COMMON_BLOCKS = YES;
				GCC_WARN_64_TO_32_BIT_CONVERSION = YES;
				GCC_WARN_ABOUT_RETURN_TYPE = YES_ERROR;
				GCC_WARN_UNDECLARED_SELECTOR = YES;
				GCC_WARN_UNINITIALIZED_AUTOS = YES_AGGRESSIVE;
				GCC_WARN_UNUSED_FUNCTION = YES;
				GCC_WARN_UNUSED_VARIABLE = YES;
				IPHONEOS_DEPLOYMENT_TARGET = 18.0;
				LOCALIZATION_PREFERS_STRING_CATALOGS = YES;
				MTL_ENABLE_DEBUG_INFO = NO;
				MTL_FAST_MATH = YES;
				SDKROOT = iphoneos;
				SWIFT_COMPILATION_MODE = wholemodule;
				VALIDATE_PRODUCT = YES;
			};
			name = Release;
		};
		1B105FFC2CB1C3DD00CC06A0 /* Debug */ = {
			isa = XCBuildConfiguration;
			buildSettings = {
				ASSETCATALOG_COMPILER_APPICON_NAME = AppIcon;
				ASSETCATALOG_COMPILER_GLOBAL_ACCENT_COLOR_NAME = AccentColor;
				CODE_SIGN_STYLE = Automatic;
				CURRENT_PROJECT_VERSION = 1;
				DEVELOPMENT_ASSET_PATHS = "\"Memory games/Preview Content\"";
				ENABLE_PREVIEWS = YES;
				GENERATE_INFOPLIST_FILE = YES;
				INFOPLIST_KEY_UIApplicationSceneManifest_Generation = YES;
				INFOPLIST_KEY_UIApplicationSupportsIndirectInputEvents = YES;
				INFOPLIST_KEY_UILaunchScreen_Generation = YES;
				INFOPLIST_KEY_UISupportedInterfaceOrientations_iPad = "UIInterfaceOrientationPortrait UIInterfaceOrientationPortraitUpsideDown UIInterfaceOrientationLandscapeLeft UIInterfaceOrientationLandscapeRight";
				INFOPLIST_KEY_UISupportedInterfaceOrientations_iPhone = "UIInterfaceOrientationPortrait UIInterfaceOrientationLandscapeLeft UIInterfaceOrientationLandscapeRight";
				LD_RUNPATH_SEARCH_PATHS = (
					"$(inherited)",
					"@executable_path/Frameworks",
				);
				MARKETING_VERSION = 1.0;
				PRODUCT_BUNDLE_IDENTIFIER = "com.github.Savantah.Memory-games";
				PRODUCT_NAME = "$(TARGET_NAME)";
				SWIFT_EMIT_LOC_STRINGS = YES;
				SWIFT_VERSION = 5.0;
				TARGETED_DEVICE_FAMILY = "1,2";
			};
			name = Debug;
		};
		1B105FFD2CB1C3DD00CC06A0 /* Release */ = {
			isa = XCBuildConfiguration;
			buildSettings = {
				ASSETCATALOG_COMPILER_APPICON_NAME = AppIcon;
				ASSETCATALOG_COMPILER_GLOBAL_ACCENT_COLOR_NAME = AccentColor;
				CODE_SIGN_STYLE = Automatic;
				CURRENT_PROJECT_VERSION = 1;
				DEVELOPMENT_ASSET_PATHS = "\"Memory games/Preview Content\"";
				ENABLE_PREVIEWS = YES;
				GENERATE_INFOPLIST_FILE = YES;
				INFOPLIST_KEY_UIApplicationSceneManifest_Generation = YES;
				INFOPLIST_KEY_UIApplicationSupportsIndirectInputEvents = YES;
				INFOPLIST_KEY_UILaunchScreen_Generation = YES;
				INFOPLIST_KEY_UISupportedInterfaceOrientations_iPad = "UIInterfaceOrientationPortrait UIInterfaceOrientationPortraitUpsideDown UIInterfaceOrientationLandscapeLeft UIInterfaceOrientationLandscapeRight";
				INFOPLIST_KEY_UISupportedInterfaceOrientations_iPhone = "UIInterfaceOrientationPortrait UIInterfaceOrientationLandscapeLeft UIInterfaceOrientationLandscapeRight";
				LD_RUNPATH_SEARCH_PATHS = (
					"$(inherited)",
					"@executable_path/Frameworks",
				);
				MARKETING_VERSION = 1.0;
				PRODUCT_BUNDLE_IDENTIFIER = "com.github.Savantah.Memory-games";
				PRODUCT_NAME = "$(TARGET_NAME)";
				SWIFT_EMIT_LOC_STRINGS = YES;
				SWIFT_VERSION = 5.0;
				TARGETED_DEVICE_FAMILY = "1,2";
			};
			name = Release;
		};
		1B105FFF2CB1C3DD00CC06A0 /* Debug */ = {
			isa = XCBuildConfiguration;
			buildSettings = {
				BUNDLE_LOADER = "$(TEST_HOST)";
				CODE_SIGN_STYLE = Automatic;
				CURRENT_PROJECT_VERSION = 1;
				GENERATE_INFOPLIST_FILE = YES;
				IPHONEOS_DEPLOYMENT_TARGET = 18.0;
				MARKETING_VERSION = 1.0;
				PRODUCT_BUNDLE_IDENTIFIER = "com.github.Savantah.Memory-gamesTests";
				PRODUCT_NAME = "$(TARGET_NAME)";
				SWIFT_EMIT_LOC_STRINGS = NO;
				SWIFT_VERSION = 5.0;
				TARGETED_DEVICE_FAMILY = "1,2";
				TEST_HOST = "$(BUILT_PRODUCTS_DIR)/Memory games.app/$(BUNDLE_EXECUTABLE_FOLDER_PATH)/Memory games";
			};
			name = Debug;
		};
		1B1060002CB1C3DD00CC06A0 /* Release */ = {
			isa = XCBuildConfiguration;
			buildSettings = {
				BUNDLE_LOADER = "$(TEST_HOST)";
				CODE_SIGN_STYLE = Automatic;
				CURRENT_PROJECT_VERSION = 1;
				GENERATE_INFOPLIST_FILE = YES;
				IPHONEOS_DEPLOYMENT_TARGET = 18.0;
				MARKETING_VERSION = 1.0;
				PRODUCT_BUNDLE_IDENTIFIER = "com.github.Savantah.Memory-gamesTests";
				PRODUCT_NAME = "$(TARGET_NAME)";
				SWIFT_EMIT_LOC_STRINGS = NO;
				SWIFT_VERSION = 5.0;
				TARGETED_DEVICE_FAMILY = "1,2";
				TEST_HOST = "$(BUILT_PRODUCTS_DIR)/Memory games.app/$(BUNDLE_EXECUTABLE_FOLDER_PATH)/Memory games";
			};
			name = Release;
		};
		1B1060022CB1C3DD00CC06A0 /* Debug */ = {
			isa = XCBuildConfiguration;
			buildSettings = {
				CODE_SIGN_STYLE = Automatic;
				CURRENT_PROJECT_VERSION = 1;
				GENERATE_INFOPLIST_FILE = YES;
				MARKETING_VERSION = 1.0;
				PRODUCT_BUNDLE_IDENTIFIER = "com.github.Savantah.Memory-gamesUITests";
				PRODUCT_NAME = "$(TARGET_NAME)";
				SWIFT_EMIT_LOC_STRINGS = NO;
				SWIFT_VERSION = 5.0;
				TARGETED_DEVICE_FAMILY = "1,2";
				TEST_TARGET_NAME = "Memory games";
			};
			name = Debug;
		};
		1B1060032CB1C3DD00CC06A0 /* Release */ = {
			isa = XCBuildConfiguration;
			buildSettings = {
				CODE_SIGN_STYLE = Automatic;
				CURRENT_PROJECT_VERSION = 1;
				GENERATE_INFOPLIST_FILE = YES;
				MARKETING_VERSION = 1.0;
				PRODUCT_BUNDLE_IDENTIFIER = "com.github.Savantah.Memory-gamesUITests";
				PRODUCT_NAME = "$(TARGET_NAME)";
				SWIFT_EMIT_LOC_STRINGS = NO;
				SWIFT_VERSION = 5.0;
				TARGETED_DEVICE_FAMILY = "1,2";
				TEST_TARGET_NAME = "Memory games";
			};
			name = Release;
		};
/* End XCBuildConfiguration section */

/* Begin XCConfigurationList section */
		1B105FD22CB1C3DB00CC06A0 /* Build configuration list for PBXProject "Memory games" */ = {
			isa = XCConfigurationList;
			buildConfigurations = (
				1B105FF92CB1C3DD00CC06A0 /* Debug */,
				1B105FFA2CB1C3DD00CC06A0 /* Release */,
			);
			defaultConfigurationIsVisible = 0;
			defaultConfigurationName = Release;
		};
		1B105FFB2CB1C3DD00CC06A0 /* Build configuration list for PBXNativeTarget "Memory games" */ = {
			isa = XCConfigurationList;
			buildConfigurations = (
				1B105FFC2CB1C3DD00CC06A0 /* Debug */,
				1B105FFD2CB1C3DD00CC06A0 /* Release */,
			);
			defaultConfigurationIsVisible = 0;
			defaultConfigurationName = Release;
		};
		1B105FFE2CB1C3DD00CC06A0 /* Build configuration list for PBXNativeTarget "Memory gamesTests" */ = {
			isa = XCConfigurationList;
			buildConfigurations = (
				1B105FFF2CB1C3DD00CC06A0 /* Debug */,
				1B1060002CB1C3DD00CC06A0 /* Release */,
			);
			defaultConfigurationIsVisible = 0;
			defaultConfigurationName = Release;
		};
		1B1060012CB1C3DD00CC06A0 /* Build configuration list for PBXNativeTarget "Memory gamesUITests" */ = {
			isa = XCConfigurationList;
			buildConfigurations = (
				1B1060022CB1C3DD00CC06A0 /* Debug */,
				1B1060032CB1C3DD00CC06A0 /* Release */,
			);
			defaultConfigurationIsVisible = 0;
			defaultConfigurationName = Release;
		};
/* End XCConfigurationList section */
	};
	rootObject = 1B105FCF2CB1C3DB00CC06A0 /* Project object */;
}
